
Microsoft Visual Studio Solution File, Format Version 12.00
# Visual Studio Version 17
VisualStudioVersion = 17.11.35312.102
MinimumVisualStudioVersion = 10.0.40219.1
Project("{FAE04EC0-301F-11D3-BF4B-00C04F79EFBC}") = "ToDoAppV1", "ToDoAppV1.csproj", "{5AB6A89E-715C-4E3E-B105-1CAD24C784FD}"
EndProject
Global
	GlobalSection(SolutionConfigurationPlatforms) = preSolution
		Debug|Any CPU = Debug|Any CPU
		Release|Any CPU = Release|Any CPU
	EndGlobalSection
	GlobalSection(ProjectConfigurationPlatforms) = postSolution
		{5AB6A89E-715C-4E3E-B105-1CAD24C784FD}.Debug|Any CPU.ActiveCfg = Debug|Any CPU
		{5AB6A89E-715C-4E3E-B105-1CAD24C784FD}.Debug|Any CPU.Build.0 = Debug|Any CPU
		{5AB6A89E-715C-4E3E-B105-1CAD24C784FD}.Debug|Any CPU.Deploy.0 = Debug|Any CPU
		{5AB6A89E-715C-4E3E-B105-1CAD24C784FD}.Release|Any CPU.ActiveCfg = Release|Any CPU
		{5AB6A89E-715C-4E3E-B105-1CAD24C784FD}.Release|Any CPU.Build.0 = Release|Any CPU
		{5AB6A89E-715C-4E3E-B105-1CAD24C784FD}.Release|Any CPU.Deploy.0 = Release|Any CPU
	EndGlobalSection
	GlobalSection(SolutionProperties) = preSolution
		HideSolutionNode = FALSE
	EndGlobalSection
	GlobalSection(ExtensibilityGlobals) = postSolution
		SolutionGuid = {3561525C-7D5D-479D-892E-BF839306995D}
	EndGlobalSection
EndGlobal
